
Microsoft Visual Studio Solution File, Format Version 12.00
# Visual Studio Version 17
VisualStudioVersion = 17.11.35222.181
MinimumVisualStudioVersion = 10.0.40219.1
Project("{9A19103F-16F7-4668-BE54-9A1E7A4F7556}") = "home-pisos-vinilicos", "home-pisos-vinilicos.csproj", "{990CF95F-B390-4CF0-BB07-4BC41A342250}"
EndProject
Global
	GlobalSection(SolutionConfigurationPlatforms) = preSolution
		Debug|Any CPU = Debug|Any CPU
		Release|Any CPU = Release|Any CPU
	EndGlobalSection
	GlobalSection(ProjectConfigurationPlatforms) = postSolution
		{990CF95F-B390-4CF0-BB07-4BC41A342250}.Debug|Any CPU.ActiveCfg = Debug|Any CPU
		{990CF95F-B390-4CF0-BB07-4BC41A342250}.Debug|Any CPU.Build.0 = Debug|Any CPU
		{990CF95F-B390-4CF0-BB07-4BC41A342250}.Release|Any CPU.ActiveCfg = Release|Any CPU
		{990CF95F-B390-4CF0-BB07-4BC41A342250}.Release|Any CPU.Build.0 = Release|Any CPU
	EndGlobalSection
	GlobalSection(SolutionProperties) = preSolution
		HideSolutionNode = FALSE
	EndGlobalSection
	GlobalSection(ExtensibilityGlobals) = postSolution
		SolutionGuid = {A3BF2620-9EB5-4344-8EA4-353111E42253}
	EndGlobalSection
EndGlobal
